// !$*UTF8*$!
{
	archiveVersion = 1;
	classes = {
	};
	objectVersion = 50;
	objects = {

/* Begin PBXBuildFile section */
		A34C815E240BC9E600EDD99B /* AppDelegate.swift in Sources */ = {isa = PBXBuildFile; fileRef = A34C815D240BC9E600EDD99B /* AppDelegate.swift */; };
		A34C8160240BC9E600EDD99B /* SceneDelegate.swift in Sources */ = {isa = PBXBuildFile; fileRef = A34C815F240BC9E600EDD99B /* SceneDelegate.swift */; };
		A34C8165240BC9E600EDD99B /* Main.storyboard in Resources */ = {isa = PBXBuildFile; fileRef = A34C8163240BC9E600EDD99B /* Main.storyboard */; };
		A34C8167240BC9E700EDD99B /* Assets.xcassets in Resources */ = {isa = PBXBuildFile; fileRef = A34C8166240BC9E700EDD99B /* Assets.xcassets */; };
		A34C816A240BC9E700EDD99B /* LaunchScreen.storyboard in Resources */ = {isa = PBXBuildFile; fileRef = A34C8168240BC9E700EDD99B /* LaunchScreen.storyboard */; };
		A34C8175240BC9E700EDD99B /* TableViewWIthCollectionViewTests.swift in Sources */ = {isa = PBXBuildFile; fileRef = A34C8174240BC9E700EDD99B /* TableViewWIthCollectionViewTests.swift */; };
		A34C8180240BC9E700EDD99B /* TableViewWIthCollectionViewUITests.swift in Sources */ = {isa = PBXBuildFile; fileRef = A34C817F240BC9E700EDD99B /* TableViewWIthCollectionViewUITests.swift */; };
		A34C818E240BCB7D00EDD99B /* AGMainTableViewController.swift in Sources */ = {isa = PBXBuildFile; fileRef = A34C818D240BCB7D00EDD99B /* AGMainTableViewController.swift */; };
/* End PBXBuildFile section */

/* Begin PBXContainerItemProxy section */
		A34C8171240BC9E700EDD99B /* PBXContainerItemProxy */ = {
			isa = PBXContainerItemProxy;
			containerPortal = A34C8152240BC9E600EDD99B /* Project object */;
			proxyType = 1;
			remoteGlobalIDString = A34C8159240BC9E600EDD99B;
			remoteInfo = TableViewWIthCollectionView;
		};
		A34C817C240BC9E700EDD99B /* PBXContainerItemProxy */ = {
			isa = PBXContainerItemProxy;
			containerPortal = A34C8152240BC9E600EDD99B /* Project object */;
			proxyType = 1;
			remoteGlobalIDString = A34C8159240BC9E600EDD99B;
			remoteInfo = TableViewWIthCollectionView;
		};
/* End PBXContainerItemProxy section */

/* Begin PBXFileReference section */
		A34C815A240BC9E600EDD99B /* TableViewWIthCollectionView.app */ = {isa = PBXFileReference; explicitFileType = wrapper.application; includeInIndex = 0; path = TableViewWIthCollectionView.app; sourceTree = BUILT_PRODUCTS_DIR; };
		A34C815D240BC9E600EDD99B /* AppDelegate.swift */ = {isa = PBXFileReference; lastKnownFileType = sourcecode.swift; path = AppDelegate.swift; sourceTree = "<group>"; };
		A34C815F240BC9E600EDD99B /* SceneDelegate.swift */ = {isa = PBXFileReference; lastKnownFileType = sourcecode.swift; path = SceneDelegate.swift; sourceTree = "<group>"; };
		A34C8164240BC9E600EDD99B /* Base */ = {isa = PBXFileReference; lastKnownFileType = file.storyboard; name = Base; path = Base.lproj/Main.storyboard; sourceTree = "<group>"; };
		A34C8166240BC9E700EDD99B /* Assets.xcassets */ = {isa = PBXFileReference; lastKnownFileType = folder.assetcatalog; path = Assets.xcassets; sourceTree = "<group>"; };
		A34C8169240BC9E700EDD99B /* Base */ = {isa = PBXFileReference; lastKnownFileType = file.storyboard; name = Base; path = Base.lproj/LaunchScreen.storyboard; sourceTree = "<group>"; };
		A34C816B240BC9E700EDD99B /* Info.plist */ = {isa = PBXFileReference; lastKnownFileType = text.plist.xml; path = Info.plist; sourceTree = "<group>"; };
		A34C8170240BC9E700EDD99B /* TableViewWIthCollectionViewTests.xctest */ = {isa = PBXFileReference; explicitFileType = wrapper.cfbundle; includeInIndex = 0; path = TableViewWIthCollectionViewTests.xctest; sourceTree = BUILT_PRODUCTS_DIR; };
		A34C8174240BC9E700EDD99B /* TableViewWIthCollectionViewTests.swift */ = {isa = PBXFileReference; lastKnownFileType = sourcecode.swift; path = TableViewWIthCollectionViewTests.swift; sourceTree = "<group>"; };
		A34C8176240BC9E700EDD99B /* Info.plist */ = {isa = PBXFileReference; lastKnownFileType = text.plist.xml; path = Info.plist; sourceTree = "<group>"; };
		A34C817B240BC9E700EDD99B /* TableViewWIthCollectionViewUITests.xctest */ = {isa = PBXFileReference; explicitFileType = wrapper.cfbundle; includeInIndex = 0; path = TableViewWIthCollectionViewUITests.xctest; sourceTree = BUILT_PRODUCTS_DIR; };
		A34C817F240BC9E700EDD99B /* TableViewWIthCollectionViewUITests.swift */ = {isa = PBXFileReference; lastKnownFileType = sourcecode.swift; path = TableViewWIthCollectionViewUITests.swift; sourceTree = "<group>"; };
		A34C8181240BC9E700EDD99B /* Info.plist */ = {isa = PBXFileReference; lastKnownFileType = text.plist.xml; path = Info.plist; sourceTree = "<group>"; };
		A34C818D240BCB7D00EDD99B /* AGMainTableViewController.swift */ = {isa = PBXFileReference; lastKnownFileType = sourcecode.swift; path = AGMainTableViewController.swift; sourceTree = "<group>"; };
/* End PBXFileReference section */

/* Begin PBXFrameworksBuildPhase section */
		A34C8157240BC9E600EDD99B /* Frameworks */ = {
			isa = PBXFrameworksBuildPhase;
			buildActionMask = 2147483647;
			files = (
			);
			runOnlyForDeploymentPostprocessing = 0;
		};
		A34C816D240BC9E700EDD99B /* Frameworks */ = {
			isa = PBXFrameworksBuildPhase;
			buildActionMask = 2147483647;
			files = (
			);
			runOnlyForDeploymentPostprocessing = 0;
		};
		A34C8178240BC9E700EDD99B /* Frameworks */ = {
			isa = PBXFrameworksBuildPhase;
			buildActionMask = 2147483647;
			files = (
			);
			runOnlyForDeploymentPostprocessing = 0;
		};
/* End PBXFrameworksBuildPhase section */

/* Begin PBXGroup section */
		A34C8151240BC9E600EDD99B = {
			isa = PBXGroup;
			children = (
				A34C815C240BC9E600EDD99B /* TableViewWIthCollectionView */,
				A34C8173240BC9E700EDD99B /* TableViewWIthCollectionViewTests */,
				A34C817E240BC9E700EDD99B /* TableViewWIthCollectionViewUITests */,
				A34C815B240BC9E600EDD99B /* Products */,
			);
			sourceTree = "<group>";
		};
		A34C815B240BC9E600EDD99B /* Products */ = {
			isa = PBXGroup;
			children = (
				A34C815A240BC9E600EDD99B /* TableViewWIthCollectionView.app */,
				A34C8170240BC9E700EDD99B /* TableViewWIthCollectionViewTests.xctest */,
				A34C817B240BC9E700EDD99B /* TableViewWIthCollectionViewUITests.xctest */,
			);
			name = Products;
			sourceTree = "<group>";
		};
		A34C815C240BC9E600EDD99B /* TableViewWIthCollectionView */ = {
			isa = PBXGroup;
			children = (
				A34C815D240BC9E600EDD99B /* AppDelegate.swift */,
				A34C815F240BC9E600EDD99B /* SceneDelegate.swift */,
				A34C818D240BCB7D00EDD99B /* AGMainTableViewController.swift */,
				A34C8163240BC9E600EDD99B /* Main.storyboard */,
				A34C8166240BC9E700EDD99B /* Assets.xcassets */,
				A34C8168240BC9E700EDD99B /* LaunchScreen.storyboard */,
				A34C816B240BC9E700EDD99B /* Info.plist */,
			);
			path = TableViewWIthCollectionView;
			sourceTree = "<group>";
		};
		A34C8173240BC9E700EDD99B /* TableViewWIthCollectionViewTests */ = {
			isa = PBXGroup;
			children = (
				A34C8174240BC9E700EDD99B /* TableViewWIthCollectionViewTests.swift */,
				A34C8176240BC9E700EDD99B /* Info.plist */,
			);
			path = TableViewWIthCollectionViewTests;
			sourceTree = "<group>";
		};
		A34C817E240BC9E700EDD99B /* TableViewWIthCollectionViewUITests */ = {
			isa = PBXGroup;
			children = (
				A34C817F240BC9E700EDD99B /* TableViewWIthCollectionViewUITests.swift */,
				A34C8181240BC9E700EDD99B /* Info.plist */,
			);
			path = TableViewWIthCollectionViewUITests;
			sourceTree = "<group>";
		};
/* End PBXGroup section */

/* Begin PBXNativeTarget section */
		A34C8159240BC9E600EDD99B /* TableViewWIthCollectionView */ = {
			isa = PBXNativeTarget;
			buildConfigurationList = A34C8184240BC9E700EDD99B /* Build configuration list for PBXNativeTarget "TableViewWIthCollectionView" */;
			buildPhases = (
				A34C8156240BC9E600EDD99B /* Sources */,
				A34C8157240BC9E600EDD99B /* Frameworks */,
				A34C8158240BC9E600EDD99B /* Resources */,
			);
			buildRules = (
			);
			dependencies = (
			);
			name = TableViewWIthCollectionView;
			productName = TableViewWIthCollectionView;
			productReference = A34C815A240BC9E600EDD99B /* TableViewWIthCollectionView.app */;
			productType = "com.apple.product-type.application";
		};
		A34C816F240BC9E700EDD99B /* TableViewWIthCollectionViewTests */ = {
			isa = PBXNativeTarget;
			buildConfigurationList = A34C8187240BC9E700EDD99B /* Build configuration list for PBXNativeTarget "TableViewWIthCollectionViewTests" */;
			buildPhases = (
				A34C816C240BC9E700EDD99B /* Sources */,
				A34C816D240BC9E700EDD99B /* Frameworks */,
				A34C816E240BC9E700EDD99B /* Resources */,
			);
			buildRules = (
			);
			dependencies = (
				A34C8172240BC9E700EDD99B /* PBXTargetDependency */,
			);
			name = TableViewWIthCollectionViewTests;
			productName = TableViewWIthCollectionViewTests;
			productReference = A34C8170240BC9E700EDD99B /* TableViewWIthCollectionViewTests.xctest */;
			productType = "com.apple.product-type.bundle.unit-test";
		};
		A34C817A240BC9E700EDD99B /* TableViewWIthCollectionViewUITests */ = {
			isa = PBXNativeTarget;
			buildConfigurationList = A34C818A240BC9E700EDD99B /* Build configuration list for PBXNativeTarget "TableViewWIthCollectionViewUITests" */;
			buildPhases = (
				A34C8177240BC9E700EDD99B /* Sources */,
				A34C8178240BC9E700EDD99B /* Frameworks */,
				A34C8179240BC9E700EDD99B /* Resources */,
			);
			buildRules = (
			);
			dependencies = (
				A34C817D240BC9E700EDD99B /* PBXTargetDependency */,
			);
			name = TableViewWIthCollectionViewUITests;
			productName = TableViewWIthCollectionViewUITests;
			productReference = A34C817B240BC9E700EDD99B /* TableViewWIthCollectionViewUITests.xctest */;
			productType = "com.apple.product-type.bundle.ui-testing";
		};
/* End PBXNativeTarget section */

/* Begin PBXProject section */
		A34C8152240BC9E600EDD99B /* Project object */ = {
			isa = PBXProject;
			attributes = {
				LastSwiftUpdateCheck = 1120;
				LastUpgradeCheck = 1120;
				ORGANIZATIONNAME = "Anton Gorlov";
				TargetAttributes = {
					A34C8159240BC9E600EDD99B = {
						CreatedOnToolsVersion = 11.2.1;
					};
					A34C816F240BC9E700EDD99B = {
						CreatedOnToolsVersion = 11.2.1;
						TestTargetID = A34C8159240BC9E600EDD99B;
					};
					A34C817A240BC9E700EDD99B = {
						CreatedOnToolsVersion = 11.2.1;
						TestTargetID = A34C8159240BC9E600EDD99B;
					};
				};
			};
			buildConfigurationList = A34C8155240BC9E600EDD99B /* Build configuration list for PBXProject "TableViewWIthCollectionView" */;
			compatibilityVersion = "Xcode 9.3";
			developmentRegion = en;
			hasScannedForEncodings = 0;
			knownRegions = (
				en,
				Base,
			);
			mainGroup = A34C8151240BC9E600EDD99B;
			productRefGroup = A34C815B240BC9E600EDD99B /* Products */;
			projectDirPath = "";
			projectRoot = "";
			targets = (
				A34C8159240BC9E600EDD99B /* TableViewWIthCollectionView */,
				A34C816F240BC9E700EDD99B /* TableViewWIthCollectionViewTests */,
				A34C817A240BC9E700EDD99B /* TableViewWIthCollectionViewUITests */,
			);
		};
/* End PBXProject section */

/* Begin PBXResourcesBuildPhase section */
		A34C8158240BC9E600EDD99B /* Resources */ = {
			isa = PBXResourcesBuildPhase;
			buildActionMask = 2147483647;
			files = (
				A34C816A240BC9E700EDD99B /* LaunchScreen.storyboard in Resources */,
				A34C8167240BC9E700EDD99B /* Assets.xcassets in Resources */,
				A34C8165240BC9E600EDD99B /* Main.storyboard in Resources */,
			);
			runOnlyForDeploymentPostprocessing = 0;
		};
		A34C816E240BC9E700EDD99B /* Resources */ = {
			isa = PBXResourcesBuildPhase;
			buildActionMask = 2147483647;
			files = (
			);
			runOnlyForDeploymentPostprocessing = 0;
		};
		A34C8179240BC9E700EDD99B /* Resources */ = {
			isa = PBXResourcesBuildPhase;
			buildActionMask = 2147483647;
			files = (
			);
			runOnlyForDeploymentPostprocessing = 0;
		};
/* End PBXResourcesBuildPhase section */

/* Begin PBXSourcesBuildPhase section */
		A34C8156240BC9E600EDD99B /* Sources */ = {
			isa = PBXSourcesBuildPhase;
			buildActionMask = 2147483647;
			files = (
				A34C818E240BCB7D00EDD99B /* AGMainTableViewController.swift in Sources */,
				A34C815E240BC9E600EDD99B /* AppDelegate.swift in Sources */,
				A34C8160240BC9E600EDD99B /* SceneDelegate.swift in Sources */,
			);
			runOnlyForDeploymentPostprocessing = 0;
		};
		A34C816C240BC9E700EDD99B /* Sources */ = {
			isa = PBXSourcesBuildPhase;
			buildActionMask = 2147483647;
			files = (
				A34C8175240BC9E700EDD99B /* TableViewWIthCollectionViewTests.swift in Sources */,
			);
			runOnlyForDeploymentPostprocessing = 0;
		};
		A34C8177240BC9E700EDD99B /* Sources */ = {
			isa = PBXSourcesBuildPhase;
			buildActionMask = 2147483647;
			files = (
				A34C8180240BC9E700EDD99B /* TableViewWIthCollectionViewUITests.swift in Sources */,
			);
			runOnlyForDeploymentPostprocessing = 0;
		};
/* End PBXSourcesBuildPhase section */

/* Begin PBXTargetDependency section */
		A34C8172240BC9E700EDD99B /* PBXTargetDependency */ = {
			isa = PBXTargetDependency;
			target = A34C8159240BC9E600EDD99B /* TableViewWIthCollectionView */;
			targetProxy = A34C8171240BC9E700EDD99B /* PBXContainerItemProxy */;
		};
		A34C817D240BC9E700EDD99B /* PBXTargetDependency */ = {
			isa = PBXTargetDependency;
			target = A34C8159240BC9E600EDD99B /* TableViewWIthCollectionView */;
			targetProxy = A34C817C240BC9E700EDD99B /* PBXContainerItemProxy */;
		};
/* End PBXTargetDependency section */

/* Begin PBXVariantGroup section */
		A34C8163240BC9E600EDD99B /* Main.storyboard */ = {
			isa = PBXVariantGroup;
			children = (
				A34C8164240BC9E600EDD99B /* Base */,
			);
			name = Main.storyboard;
			sourceTree = "<group>";
		};
		A34C8168240BC9E700EDD99B /* LaunchScreen.storyboard */ = {
			isa = PBXVariantGroup;
			children = (
				A34C8169240BC9E700EDD99B /* Base */,
			);
			name = LaunchScreen.storyboard;
			sourceTree = "<group>";
		};
/* End PBXVariantGroup section */

/* Begin XCBuildConfiguration section */
		A34C8182240BC9E700EDD99B /* Debug */ = {
			isa = XCBuildConfiguration;
			buildSettings = {
				ALWAYS_SEARCH_USER_PATHS = NO;
				CLANG_ANALYZER_NONNULL = YES;
				CLANG_ANALYZER_NUMBER_OBJECT_CONVERSION = YES_AGGRESSIVE;
				CLANG_CXX_LANGUAGE_STANDARD = "gnu++14";
				CLANG_CXX_LIBRARY = "libc++";
				CLANG_ENABLE_MODULES = YES;
				CLANG_ENABLE_OBJC_ARC = YES;
				CLANG_ENABLE_OBJC_WEAK = YES;
				CLANG_WARN_BLOCK_CAPTURE_AUTORELEASING = YES;
				CLANG_WARN_BOOL_CONVERSION = YES;
				CLANG_WARN_COMMA = YES;
				CLANG_WARN_CONSTANT_CONVERSION = YES;
				CLANG_WARN_DEPRECATED_OBJC_IMPLEMENTATIONS = YES;
				CLANG_WARN_DIRECT_OBJC_ISA_USAGE = YES_ERROR;
				CLANG_WARN_DOCUMENTATION_COMMENTS = YES;
				CLANG_WARN_EMPTY_BODY = YES;
				CLANG_WARN_ENUM_CONVERSION = YES;
				CLANG_WARN_INFINITE_RECURSION = YES;
				CLANG_WARN_INT_CONVERSION = YES;
				CLANG_WARN_NON_LITERAL_NULL_CONVERSION = YES;
				CLANG_WARN_OBJC_IMPLICIT_RETAIN_SELF = YES;
				CLANG_WARN_OBJC_LITERAL_CONVERSION = YES;
				CLANG_WARN_OBJC_ROOT_CLASS = YES_ERROR;
				CLANG_WARN_RANGE_LOOP_ANALYSIS = YES;
				CLANG_WARN_STRICT_PROTOTYPES = YES;
				CLANG_WARN_SUSPICIOUS_MOVE = YES;
				CLANG_WARN_UNGUARDED_AVAILABILITY = YES_AGGRESSIVE;
				CLANG_WARN_UNREACHABLE_CODE = YES;
				CLANG_WARN__DUPLICATE_METHOD_MATCH = YES;
				COPY_PHASE_STRIP = NO;
				DEBUG_INFORMATION_FORMAT = dwarf;
				ENABLE_STRICT_OBJC_MSGSEND = YES;
				ENABLE_TESTABILITY = YES;
				GCC_C_LANGUAGE_STANDARD = gnu11;
				GCC_DYNAMIC_NO_PIC = NO;
				GCC_NO_COMMON_BLOCKS = YES;
				GCC_OPTIMIZATION_LEVEL = 0;
				GCC_PREPROCESSOR_DEFINITIONS = (
					"DEBUG=1",
					"$(inherited)",
				);
				GCC_WARN_64_TO_32_BIT_CONVERSION = YES;
				GCC_WARN_ABOUT_RETURN_TYPE = YES_ERROR;
				GCC_WARN_UNDECLARED_SELECTOR = YES;
				GCC_WARN_UNINITIALIZED_AUTOS = YES_AGGRESSIVE;
				GCC_WARN_UNUSED_FUNCTION = YES;
				GCC_WARN_UNUSED_VARIABLE = YES;
				IPHONEOS_DEPLOYMENT_TARGET = 13.2;
				MTL_ENABLE_DEBUG_INFO = INCLUDE_SOURCE;
				MTL_FAST_MATH = YES;
				ONLY_ACTIVE_ARCH = YES;
				SDKROOT = iphoneos;
				SWIFT_ACTIVE_COMPILATION_CONDITIONS = DEBUG;
				SWIFT_OPTIMIZATION_LEVEL = "-Onone";
			};
			name = Debug;
		};
		A34C8183240BC9E700EDD99B /* Release */ = {
			isa = XCBuildConfiguration;
			buildSettings = {
				ALWAYS_SEARCH_USER_PATHS = NO;
				CLANG_ANALYZER_NONNULL = YES;
				CLANG_ANALYZER_NUMBER_OBJECT_CONVERSION = YES_AGGRESSIVE;
				CLANG_CXX_LANGUAGE_STANDARD = "gnu++14";
				CLANG_CXX_LIBRARY = "libc++";
				CLANG_ENABLE_MODULES = YES;
				CLANG_ENABLE_OBJC_ARC = YES;
				CLANG_ENABLE_OBJC_WEAK = YES;
				CLANG_WARN_BLOCK_CAPTURE_AUTORELEASING = YES;
				CLANG_WARN_BOOL_CONVERSION = YES;
				CLANG_WARN_COMMA = YES;
				CLANG_WARN_CONSTANT_CONVERSION = YES;
				CLANG_WARN_DEPRECATED_OBJC_IMPLEMENTATIONS = YES;
				CLANG_WARN_DIRECT_OBJC_ISA_USAGE = YES_ERROR;
				CLANG_WARN_DOCUMENTATION_COMMENTS = YES;
				CLANG_WARN_EMPTY_BODY = YES;
				CLANG_WARN_ENUM_CONVERSION = YES;
				CLANG_WARN_INFINITE_RECURSION = YES;
				CLANG_WARN_INT_CONVERSION = YES;
				CLANG_WARN_NON_LITERAL_NULL_CONVERSION = YES;
				CLANG_WARN_OBJC_IMPLICIT_RETAIN_SELF = YES;
				CLANG_WARN_OBJC_LITERAL_CONVERSION = YES;
				CLANG_WARN_OBJC_ROOT_CLASS = YES_ERROR;
				CLANG_WARN_RANGE_LOOP_ANALYSIS = YES;
				CLANG_WARN_STRICT_PROTOTYPES = YES;
				CLANG_WARN_SUSPICIOUS_MOVE = YES;
				CLANG_WARN_UNGUARDED_AVAILABILITY = YES_AGGRESSIVE;
				CLANG_WARN_UNREACHABLE_CODE = YES;
				CLANG_WARN__DUPLICATE_METHOD_MATCH = YES;
				COPY_PHASE_STRIP = NO;
				DEBUG_INFORMATION_FORMAT = "dwarf-with-dsym";
				ENABLE_NS_ASSERTIONS = NO;
				ENABLE_STRICT_OBJC_MSGSEND = YES;
				GCC_C_LANGUAGE_STANDARD = gnu11;
				GCC_NO_COMMON_BLOCKS = YES;
				GCC_WARN_64_TO_32_BIT_CONVERSION = YES;
				GCC_WARN_ABOUT_RETURN_TYPE = YES_ERROR;
				GCC_WARN_UNDECLARED_SELECTOR = YES;
				GCC_WARN_UNINITIALIZED_AUTOS = YES_AGGRESSIVE;
				GCC_WARN_UNUSED_FUNCTION = YES;
				GCC_WARN_UNUSED_VARIABLE = YES;
				IPHONEOS_DEPLOYMENT_TARGET = 13.2;
				MTL_ENABLE_DEBUG_INFO = NO;
				MTL_FAST_MATH = YES;
				SDKROOT = iphoneos;
				SWIFT_COMPILATION_MODE = wholemodule;
				SWIFT_OPTIMIZATION_LEVEL = "-O";
				VALIDATE_PRODUCT = YES;
			};
			name = Release;
		};
		A34C8185240BC9E700EDD99B /* Debug */ = {
			isa = XCBuildConfiguration;
			buildSettings = {
				ASSETCATALOG_COMPILER_APPICON_NAME = AppIcon;
				CODE_SIGN_STYLE = Automatic;
				DEVELOPMENT_TEAM = AYARG7CLYP;
				INFOPLIST_FILE = TableViewWIthCollectionView/Info.plist;
				IPHONEOS_DEPLOYMENT_TARGET = 12.0;
				LD_RUNPATH_SEARCH_PATHS = (
					"$(inherited)",
					"@executable_path/Frameworks",
				);
				PRODUCT_BUNDLE_IDENTIFIER = com.antonGorlov.TableViewWIthCollectionView;
				PRODUCT_NAME = "$(TARGET_NAME)";
				SWIFT_VERSION = 5.0;
				TARGETED_DEVICE_FAMILY = "1,2";
			};
			name = Debug;
		};
		A34C8186240BC9E700EDD99B /* Release */ = {
			isa = XCBuildConfiguration;
			buildSettings = {
				ASSETCATALOG_COMPILER_APPICON_NAME = AppIcon;
				CODE_SIGN_STYLE = Automatic;
				DEVELOPMENT_TEAM = AYARG7CLYP;
				INFOPLIST_FILE = TableViewWIthCollectionView/Info.plist;
				IPHONEOS_DEPLOYMENT_TARGET = 12.0;
				LD_RUNPATH_SEARCH_PATHS = (
					"$(inherited)",
					"@executable_path/Frameworks",
				);
				PRODUCT_BUNDLE_IDENTIFIER = com.antonGorlov.TableViewWIthCollectionView;
				PRODUCT_NAME = "$(TARGET_NAME)";
				SWIFT_VERSION = 5.0;
				TARGETED_DEVICE_FAMILY = "1,2";
			};
			name = Release;
		};
		A34C8188240BC9E700EDD99B /* Debug */ = {
			isa = XCBuildConfiguration;
			buildSettings = {
				ALWAYS_EMBED_SWIFT_STANDARD_LIBRARIES = YES;
				BUNDLE_LOADER = "$(TEST_HOST)";
				CODE_SIGN_STYLE = Automatic;
				DEVELOPMENT_TEAM = AYARG7CLYP;
				INFOPLIST_FILE = TableViewWIthCollectionViewTests/Info.plist;
				IPHONEOS_DEPLOYMENT_TARGET = 13.2;
				LD_RUNPATH_SEARCH_PATHS = (
					"$(inherited)",
					"@executable_path/Frameworks",
					"@loader_path/Frameworks",
				);
				PRODUCT_BUNDLE_IDENTIFIER = com.antonGorlov.TableViewWIthCollectionViewTests;
				PRODUCT_NAME = "$(TARGET_NAME)";
				SWIFT_VERSION = 5.0;
				TARGETED_DEVICE_FAMILY = "1,2";
				TEST_HOST = "$(BUILT_PRODUCTS_DIR)/TableViewWIthCollectionView.app/TableViewWIthCollectionView";
			};
			name = Debug;
		};
		A34C8189240BC9E700EDD99B /* Release */ = {
			isa = XCBuildConfiguration;
			buildSettings = {
				ALWAYS_EMBED_SWIFT_STANDARD_LIBRARIES = YES;
				BUNDLE_LOADER = "$(TEST_HOST)";
				CODE_SIGN_STYLE = Automatic;
				DEVELOPMENT_TEAM = AYARG7CLYP;
				INFOPLIST_FILE = TableViewWIthCollectionViewTests/Info.plist;
				IPHONEOS_DEPLOYMENT_TARGET = 13.2;
				LD_RUNPATH_SEARCH_PATHS = (
					"$(inherited)",
					"@executable_path/Frameworks",
					"@loader_path/Frameworks",
				);
				PRODUCT_BUNDLE_IDENTIFIER = com.antonGorlov.TableViewWIthCollectionViewTests;
				PRODUCT_NAME = "$(TARGET_NAME)";
				SWIFT_VERSION = 5.0;
				TARGETED_DEVICE_FAMILY = "1,2";
				TEST_HOST = "$(BUILT_PRODUCTS_DIR)/TableViewWIthCollectionView.app/TableViewWIthCollectionView";
			};
			name = Release;
		};
		A34C818B240BC9E700EDD99B /* Debug */ = {
			isa = XCBuildConfiguration;
			buildSettings = {
				ALWAYS_EMBED_SWIFT_STANDARD_LIBRARIES = YES;
				CODE_SIGN_STYLE = Automatic;
				DEVELOPMENT_TEAM = AYARG7CLYP;
				INFOPLIST_FILE = TableViewWIthCollectionViewUITests/Info.plist;
				LD_RUNPATH_SEARCH_PATHS = (
					"$(inherited)",
					"@executable_path/Frameworks",
					"@loader_path/Frameworks",
				);
				PRODUCT_BUNDLE_IDENTIFIER = com.antonGorlov.TableViewWIthCollectionViewUITests;
				PRODUCT_NAME = "$(TARGET_NAME)";
				SWIFT_VERSION = 5.0;
				TARGETED_DEVICE_FAMILY = "1,2";
				TEST_TARGET_NAME = TableViewWIthCollectionView;
			};
			name = Debug;
		};
		A34C818C240BC9E700EDD99B /* Release */ = {
			isa = XCBuildConfiguration;
			buildSettings = {
				ALWAYS_EMBED_SWIFT_STANDARD_LIBRARIES = YES;
				CODE_SIGN_STYLE = Automatic;
				DEVELOPMENT_TEAM = AYARG7CLYP;
				INFOPLIST_FILE = TableViewWIthCollectionViewUITests/Info.plist;
				LD_RUNPATH_SEARCH_PATHS = (
					"$(inherited)",
					"@executable_path/Frameworks",
					"@loader_path/Frameworks",
				);
				PRODUCT_BUNDLE_IDENTIFIER = com.antonGorlov.TableViewWIthCollectionViewUITests;
				PRODUCT_NAME = "$(TARGET_NAME)";
				SWIFT_VERSION = 5.0;
				TARGETED_DEVICE_FAMILY = "1,2";
				TEST_TARGET_NAME = TableViewWIthCollectionView;
			};
			name = Release;
		};
/* End XCBuildConfiguration section */

/* Begin XCConfigurationList section */
		A34C8155240BC9E600EDD99B /* Build configuration list for PBXProject "TableViewWIthCollectionView" */ = {
			isa = XCConfigurationList;
			buildConfigurations = (
				A34C8182240BC9E700EDD99B /* Debug */,
				A34C8183240BC9E700EDD99B /* Release */,
			);
			defaultConfigurationIsVisible = 0;
			defaultConfigurationName = Release;
		};
		A34C8184240BC9E700EDD99B /* Build configuration list for PBXNativeTarget "TableViewWIthCollectionView" */ = {
			isa = XCConfigurationList;
			buildConfigurations = (
				A34C8185240BC9E700EDD99B /* Debug */,
				A34C8186240BC9E700EDD99B /* Release */,
			);
			defaultConfigurationIsVisible = 0;
			defaultConfigurationName = Release;
		};
		A34C8187240BC9E700EDD99B /* Build configuration list for PBXNativeTarget "TableViewWIthCollectionViewTests" */ = {
			isa = XCConfigurationList;
			buildConfigurations = (
				A34C8188240BC9E700EDD99B /* Debug */,
				A34C8189240BC9E700EDD99B /* Release */,
			);
			defaultConfigurationIsVisible = 0;
			defaultConfigurationName = Release;
		};
		A34C818A240BC9E700EDD99B /* Build configuration list for PBXNativeTarget "TableViewWIthCollectionViewUITests" */ = {
			isa = XCConfigurationList;
			buildConfigurations = (
				A34C818B240BC9E700EDD99B /* Debug */,
				A34C818C240BC9E700EDD99B /* Release */,
			);
			defaultConfigurationIsVisible = 0;
			defaultConfigurationName = Release;
		};
/* End XCConfigurationList section */
	};
	rootObject = A34C8152240BC9E600EDD99B /* Project object */;
}
